
Microsoft Visual Studio Solution File, Format Version 11.00
# Visual Studio 2010
Project("{8BC9CEB8-8B4A-11D0-8D11-00A0C91BC942}") = "Eco.System1", "Eco.System1.vcxproj", "{A8ACA564-78EE-4EDD-ADA2-1C854F6717B3}"
EndProject
Project("{8BC9CEB8-8B4A-11D0-8D11-00A0C91BC942}") = "Eco.System1UnitTest", "Eco.System1UnitTest.vcxproj", "{5ACE68E8-713F-45EE-A123-A48481D235C2}"
EndProject
Global
	GlobalSection(SolutionConfigurationPlatforms) = preSolution
		Debug|Win32 = Debug|Win32
		Release|Win32 = Release|Win32
	EndGlobalSection
	GlobalSection(ProjectConfigurationPlatforms) = postSolution
		{A8ACA564-78EE-4EDD-ADA2-1C854F6717B3}.Debug|Win32.ActiveCfg = Debug|Win32
		{A8ACA564-78EE-4EDD-ADA2-1C854F6717B3}.Debug|Win32.Build.0 = Debug|Win32
		{A8ACA564-78EE-4EDD-ADA2-1C854F6717B3}.Release|Win32.ActiveCfg = Release|Win32
		{A8ACA564-78EE-4EDD-ADA2-1C854F6717B3}.Release|Win32.Build.0 = Release|Win32
		{5ACE68E8-713F-45EE-A123-A48481D235C2}.Debug|Win32.ActiveCfg = Debug|Win32
		{5ACE68E8-713F-45EE-A123-A48481D235C2}.Debug|Win32.Build.0 = Debug|Win32
		{5ACE68E8-713F-45EE-A123-A48481D235C2}.Release|Win32.ActiveCfg = Release|Win32
		{5ACE68E8-713F-45EE-A123-A48481D235C2}.Release|Win32.Build.0 = Release|Win32
	EndGlobalSection
	GlobalSection(SolutionProperties) = preSolution
		HideSolutionNode = FALSE
	EndGlobalSection
EndGlobal
