<?xml version="1.0" encoding="utf-8"?>
<Project ToolsVersion="4.0" xmlns="http://schemas.microsoft.com/developer/msbuild/2003">
  <ItemGroup>
    <Filter Include="Header Files">
      <UniqueIdentifier>{6bd34b09-8010-44aa-b815-2849d156050b}</UniqueIdentifier>
    </Filter>
    <Filter Include="Source Files">
      <UniqueIdentifier>{8b2ab0d5-d8fe-4a4a-b8d6-dcf47e1bb4f2}</UniqueIdentifier>
    </Filter>
    <Filter Include="Shared Files">
      <UniqueIdentifier>{2ef609ee-cc48-46bd-88b0-c12e3ee9d923}</UniqueIdentifier>
    </Filter>
  </ItemGroup>
  <ItemGroup>
    <ClInclude Include="..\..\..\HeaderFiles\CEcoCommandArguments1.h">
      <Filter>Header Files</Filter>
    </ClInclude>
    <ClInclude Include="..\..\..\HeaderFiles\CEcoSystem1.h">
      <Filter>Header Files</Filter>
    </ClInclude>
    <ClInclude Include="..\..\..\HeaderFiles\CEcoSystem1EntryPoint.h">
      <Filter>Header Files</Filter>
    </ClInclude>
    <ClInclude Include="..\..\..\HeaderFiles\CEcoSystemInformation1.h">
      <Filter>Header Files</Filter>
    </ClInclude>
    <ClInclude Include="..\..\..\SharedFiles\IEcoCommandArguments1.h">
      <Filter>Shared Files</Filter>
    </ClInclude>
    <ClInclude Include="..\..\..\SharedFiles\IEcoSystemInformation1.h">
      <Filter>Shared Files</Filter>
    </ClInclude>
    <ClInclude Include="..\..\..\SharedFiles\IEcoAndroidNativeApp1.h">
      <Filter>Shared Files</Filter>
    </ClInclude>
  </ItemGroup>
  <ItemGroup>
    <ClCompile Include="..\..\..\SourceFiles\CEcoSystem1.c">
      <Filter>Source Files</Filter>
    </ClCompile>
    <ClCompile Include="..\..\..\SourceFiles\CEcoSystem1EntryPoint.c">
      <Filter>Source Files</Filter>
    </ClCompile>
  </ItemGroup>
</Project>